// !$*UTF8*$!
{
	archiveVersion = 1;
	classes = {
	};
	objectVersion = 46;
	objects = {

/* Begin PBXBuildFile section */
		3B378B2D1F3D4E5B00AEBD00 /* JavaScriptCore.framework in Frameworks */ = {isa = PBXBuildFile; fileRef = 3B378B2C1F3D4E5B00AEBD00 /* JavaScriptCore.framework */; };
		3B4692081FC6968D00DBCFE7 /* AppDelegate.m in Sources */ = {isa = PBXBuildFile; fileRef = 3B4691F21FC6968D00DBCFE7 /* AppDelegate.m */; };
		3B4692091FC6968D00DBCFE7 /* Assets.xcassets in Resources */ = {isa = PBXBuildFile; fileRef = 3B4691F31FC6968D00DBCFE7 /* Assets.xcassets */; };
		3B46920A1FC6968D00DBCFE7 /* LaunchScreen.storyboard in Resources */ = {isa = PBXBuildFile; fileRef = 3B4691F41FC6968D00DBCFE7 /* LaunchScreen.storyboard */; };
		3B46920B1FC6968D00DBCFE7 /* Main.storyboard in Resources */ = {isa = PBXBuildFile; fileRef = 3B4691F61FC6968D00DBCFE7 /* Main.storyboard */; };
		3B46920C1FC6968D00DBCFE7 /* HomeViewController.m in Sources */ = {isa = PBXBuildFile; fileRef = 3B4691F91FC6968D00DBCFE7 /* HomeViewController.m */; };
		3B46920D1FC6968D00DBCFE7 /* Info.plist in Resources */ = {isa = PBXBuildFile; fileRef = 3B4691FA1FC6968D00DBCFE7 /* Info.plist */; };
		3B46920E1FC6968D00DBCFE7 /* UIWebView+TS_JavaScriptContext.m in Sources */ = {isa = PBXBuildFile; fileRef = 3B4691FD1FC6968D00DBCFE7 /* UIWebView+TS_JavaScriptContext.m */; };
		3B46920F1FC6968D00DBCFE7 /* UIWebView.html in Resources */ = {isa = PBXBuildFile; fileRef = 3B4691FE1FC6968D00DBCFE7 /* UIWebView.html */; };
		3B4692101FC6968D00DBCFE7 /* ViewController.m in Sources */ = {isa = PBXBuildFile; fileRef = 3B4692001FC6968D00DBCFE7 /* ViewController.m */; };
		3B4692111FC6968D00DBCFE7 /* WKViewController.m in Sources */ = {isa = PBXBuildFile; fileRef = 3B4692031FC6968D00DBCFE7 /* WKViewController.m */; };
		3B4692121FC6968D00DBCFE7 /* WKWebView.html in Resources */ = {isa = PBXBuildFile; fileRef = 3B4692041FC6968D00DBCFE7 /* WKWebView.html */; };
		3B4692131FC6968D00DBCFE7 /* WeakScriptMessageDelegate.m in Sources */ = {isa = PBXBuildFile; fileRef = 3B4692061FC6968D00DBCFE7 /* WeakScriptMessageDelegate.m */; };
		3B4692141FC6968D00DBCFE7 /* main.m in Sources */ = {isa = PBXBuildFile; fileRef = 3B4692071FC6968D00DBCFE7 /* main.m */; };
		3B574D601FC5801000EBACF1 /* WebKit.framework in Frameworks */ = {isa = PBXBuildFile; fileRef = 3B574D5F1FC5800500EBACF1 /* WebKit.framework */; };
/* End PBXBuildFile section */

/* Begin PBXFileReference section */
		3B0FA3831F3C376300D07174 /* JS_OC_Interact.app */ = {isa = PBXFileReference; explicitFileType = wrapper.application; includeInIndex = 0; path = JS_OC_Interact.app; sourceTree = BUILT_PRODUCTS_DIR; };
		3B378B2C1F3D4E5B00AEBD00 /* JavaScriptCore.framework */ = {isa = PBXFileReference; lastKnownFileType = wrapper.framework; name = JavaScriptCore.framework; path = System/Library/Frameworks/JavaScriptCore.framework; sourceTree = SDKROOT; };
		3B4691F11FC6968D00DBCFE7 /* AppDelegate.h */ = {isa = PBXFileReference; fileEncoding = 4; lastKnownFileType = sourcecode.c.h; path = AppDelegate.h; sourceTree = "<group>"; };
		3B4691F21FC6968D00DBCFE7 /* AppDelegate.m */ = {isa = PBXFileReference; fileEncoding = 4; lastKnownFileType = sourcecode.c.objc; path = AppDelegate.m; sourceTree = "<group>"; };
		3B4691F31FC6968D00DBCFE7 /* Assets.xcassets */ = {isa = PBXFileReference; lastKnownFileType = folder.assetcatalog; path = Assets.xcassets; sourceTree = "<group>"; };
		3B4691F51FC6968D00DBCFE7 /* Base */ = {isa = PBXFileReference; lastKnownFileType = file.storyboard; name = Base; path = Base.lproj/LaunchScreen.storyboard; sourceTree = "<group>"; };
		3B4691F71FC6968D00DBCFE7 /* Base */ = {isa = PBXFileReference; lastKnownFileType = file.storyboard; name = Base; path = Base.lproj/Main.storyboard; sourceTree = "<group>"; };
		3B4691F81FC6968D00DBCFE7 /* HomeViewController.h */ = {isa = PBXFileReference; fileEncoding = 4; lastKnownFileType = sourcecode.c.h; path = HomeViewController.h; sourceTree = "<group>"; };
		3B4691F91FC6968D00DBCFE7 /* HomeViewController.m */ = {isa = PBXFileReference; fileEncoding = 4; lastKnownFileType = sourcecode.c.objc; path = HomeViewController.m; sourceTree = "<group>"; };
		3B4691FA1FC6968D00DBCFE7 /* Info.plist */ = {isa = PBXFileReference; fileEncoding = 4; lastKnownFileType = text.plist.xml; path = Info.plist; sourceTree = "<group>"; };
		3B4691FC1FC6968D00DBCFE7 /* UIWebView+TS_JavaScriptContext.h */ = {isa = PBXFileReference; fileEncoding = 4; lastKnownFileType = sourcecode.c.h; path = "UIWebView+TS_JavaScriptContext.h"; sourceTree = "<group>"; };
		3B4691FD1FC6968D00DBCFE7 /* UIWebView+TS_JavaScriptContext.m */ = {isa = PBXFileReference; fileEncoding = 4; lastKnownFileType = sourcecode.c.objc; path = "UIWebView+TS_JavaScriptContext.m"; sourceTree = "<group>"; };
		3B4691FE1FC6968D00DBCFE7 /* UIWebView.html */ = {isa = PBXFileReference; fileEncoding = 4; lastKnownFileType = text.html; path = UIWebView.html; sourceTree = "<group>"; };
		3B4691FF1FC6968D00DBCFE7 /* ViewController.h */ = {isa = PBXFileReference; fileEncoding = 4; lastKnownFileType = sourcecode.c.h; path = ViewController.h; sourceTree = "<group>"; };
		3B4692001FC6968D00DBCFE7 /* ViewController.m */ = {isa = PBXFileReference; fileEncoding = 4; lastKnownFileType = sourcecode.c.objc; path = ViewController.m; sourceTree = "<group>"; };
		3B4692021FC6968D00DBCFE7 /* WKViewController.h */ = {isa = PBXFileReference; fileEncoding = 4; lastKnownFileType = sourcecode.c.h; path = WKViewController.h; sourceTree = "<group>"; };
		3B4692031FC6968D00DBCFE7 /* WKViewController.m */ = {isa = PBXFileReference; fileEncoding = 4; lastKnownFileType = sourcecode.c.objc; path = WKViewController.m; sourceTree = "<group>"; };
		3B4692041FC6968D00DBCFE7 /* WKWebView.html */ = {isa = PBXFileReference; fileEncoding = 4; lastKnownFileType = text.html; path = WKWebView.html; sourceTree = "<group>"; };
		3B4692051FC6968D00DBCFE7 /* WeakScriptMessageDelegate.h */ = {isa = PBXFileReference; fileEncoding = 4; lastKnownFileType = sourcecode.c.h; path = WeakScriptMessageDelegate.h; sourceTree = "<group>"; };
		3B4692061FC6968D00DBCFE7 /* WeakScriptMessageDelegate.m */ = {isa = PBXFileReference; fileEncoding = 4; lastKnownFileType = sourcecode.c.objc; path = WeakScriptMessageDelegate.m; sourceTree = "<group>"; };
		3B4692071FC6968D00DBCFE7 /* main.m */ = {isa = PBXFileReference; fileEncoding = 4; lastKnownFileType = sourcecode.c.objc; path = main.m; sourceTree = "<group>"; };
		3B574D5F1FC5800500EBACF1 /* WebKit.framework */ = {isa = PBXFileReference; lastKnownFileType = wrapper.framework; name = WebKit.framework; path = System/Library/Frameworks/WebKit.framework; sourceTree = SDKROOT; };
/* End PBXFileReference section */

/* Begin PBXFrameworksBuildPhase section */
		3B0FA3801F3C376300D07174 /* Frameworks */ = {
			isa = PBXFrameworksBuildPhase;
			buildActionMask = 2147483647;
			files = (
				3B574D601FC5801000EBACF1 /* WebKit.framework in Frameworks */,
				3B378B2D1F3D4E5B00AEBD00 /* JavaScriptCore.framework in Frameworks */,
			);
			runOnlyForDeploymentPostprocessing = 0;
		};
/* End PBXFrameworksBuildPhase section */

/* Begin PBXGroup section */
		3B0FA37A1F3C376300D07174 = {
			isa = PBXGroup;
			children = (
				3B4691F01FC6968D00DBCFE7 /* JS_OC_Interact */,
				3B0FA3841F3C376300D07174 /* Products */,
				3B378B2B1F3D4E5B00AEBD00 /* Frameworks */,
			);
			sourceTree = "<group>";
		};
		3B0FA3841F3C376300D07174 /* Products */ = {
			isa = PBXGroup;
			children = (
				3B0FA3831F3C376300D07174 /* JS_OC_Interact.app */,
			);
			name = Products;
			sourceTree = "<group>";
		};
		3B378B2B1F3D4E5B00AEBD00 /* Frameworks */ = {
			isa = PBXGroup;
			children = (
				3B574D5F1FC5800500EBACF1 /* WebKit.framework */,
				3B378B2C1F3D4E5B00AEBD00 /* JavaScriptCore.framework */,
			);
			name = Frameworks;
			sourceTree = "<group>";
		};
		3B4691F01FC6968D00DBCFE7 /* JS_OC_Interact */ = {
			isa = PBXGroup;
			children = (
				3B4691F11FC6968D00DBCFE7 /* AppDelegate.h */,
				3B4691F21FC6968D00DBCFE7 /* AppDelegate.m */,
				3B4691F81FC6968D00DBCFE7 /* HomeViewController.h */,
				3B4691F91FC6968D00DBCFE7 /* HomeViewController.m */,
				3B4691FB1FC6968D00DBCFE7 /* UIWebView */,
				3B4692011FC6968D00DBCFE7 /* WKWebView */,
				3B4691F31FC6968D00DBCFE7 /* Assets.xcassets */,
				3B4691F41FC6968D00DBCFE7 /* LaunchScreen.storyboard */,
				3B4691F61FC6968D00DBCFE7 /* Main.storyboard */,
				3B4691FA1FC6968D00DBCFE7 /* Info.plist */,
				3B4692071FC6968D00DBCFE7 /* main.m */,
			);
			path = JS_OC_Interact;
			sourceTree = "<group>";
		};
		3B4691FB1FC6968D00DBCFE7 /* UIWebView */ = {
			isa = PBXGroup;
			children = (
				3B4691FC1FC6968D00DBCFE7 /* UIWebView+TS_JavaScriptContext.h */,
				3B4691FD1FC6968D00DBCFE7 /* UIWebView+TS_JavaScriptContext.m */,
				3B4691FE1FC6968D00DBCFE7 /* UIWebView.html */,
				3B4691FF1FC6968D00DBCFE7 /* ViewController.h */,
				3B4692001FC6968D00DBCFE7 /* ViewController.m */,
			);
			path = UIWebView;
			sourceTree = "<group>";
		};
		3B4692011FC6968D00DBCFE7 /* WKWebView */ = {
			isa = PBXGroup;
			children = (
				3B4692021FC6968D00DBCFE7 /* WKViewController.h */,
				3B4692031FC6968D00DBCFE7 /* WKViewController.m */,
				3B4692041FC6968D00DBCFE7 /* WKWebView.html */,
				3B4692051FC6968D00DBCFE7 /* WeakScriptMessageDelegate.h */,
				3B4692061FC6968D00DBCFE7 /* WeakScriptMessageDelegate.m */,
			);
			path = WKWebView;
			sourceTree = "<group>";
		};
/* End PBXGroup section */

/* Begin PBXNativeTarget section */
		3B0FA3821F3C376300D07174 /* JS_OC_Interact */ = {
			isa = PBXNativeTarget;
			buildConfigurationList = 3B0FA39A1F3C376300D07174 /* Build configuration list for PBXNativeTarget "JS_OC_Interact" */;
			buildPhases = (
				3B0FA37F1F3C376300D07174 /* Sources */,
				3B0FA3801F3C376300D07174 /* Frameworks */,
				3B0FA3811F3C376300D07174 /* Resources */,
			);
			buildRules = (
			);
			dependencies = (
			);
			name = JS_OC_Interact;
			productName = JS_OC_Interact;
			productReference = 3B0FA3831F3C376300D07174 /* JS_OC_Interact.app */;
			productType = "com.apple.product-type.application";
		};
/* End PBXNativeTarget section */

/* Begin PBXProject section */
		3B0FA37B1F3C376300D07174 /* Project object */ = {
			isa = PBXProject;
			attributes = {
				LastUpgradeCheck = 0830;
				ORGANIZATIONNAME = zhouzheng;
				TargetAttributes = {
					3B0FA3821F3C376300D07174 = {
						CreatedOnToolsVersion = 8.3.2;
						DevelopmentTeam = MLKY76PU29;
						ProvisioningStyle = Automatic;
					};
				};
			};
			buildConfigurationList = 3B0FA37E1F3C376300D07174 /* Build configuration list for PBXProject "JS_OC_Interact" */;
			compatibilityVersion = "Xcode 3.2";
			developmentRegion = English;
			hasScannedForEncodings = 0;
			knownRegions = (
				en,
				Base,
			);
			mainGroup = 3B0FA37A1F3C376300D07174;
			productRefGroup = 3B0FA3841F3C376300D07174 /* Products */;
			projectDirPath = "";
			projectRoot = "";
			targets = (
				3B0FA3821F3C376300D07174 /* JS_OC_Interact */,
			);
		};
/* End PBXProject section */

/* Begin PBXResourcesBuildPhase section */
		3B0FA3811F3C376300D07174 /* Resources */ = {
			isa = PBXResourcesBuildPhase;
			buildActionMask = 2147483647;
			files = (
				3B46920F1FC6968D00DBCFE7 /* UIWebView.html in Resources */,
				3B46920D1FC6968D00DBCFE7 /* Info.plist in Resources */,
				3B4692121FC6968D00DBCFE7 /* WKWebView.html in Resources */,
				3B46920B1FC6968D00DBCFE7 /* Main.storyboard in Resources */,
				3B4692091FC6968D00DBCFE7 /* Assets.xcassets in Resources */,
				3B46920A1FC6968D00DBCFE7 /* LaunchScreen.storyboard in Resources */,
			);
			runOnlyForDeploymentPostprocessing = 0;
		};
/* End PBXResourcesBuildPhase section */

/* Begin PBXSourcesBuildPhase section */
		3B0FA37F1F3C376300D07174 /* Sources */ = {
			isa = PBXSourcesBuildPhase;
			buildActionMask = 2147483647;
			files = (
				3B4692111FC6968D00DBCFE7 /* WKViewController.m in Sources */,
				3B4692131FC6968D00DBCFE7 /* WeakScriptMessageDelegate.m in Sources */,
				3B46920E1FC6968D00DBCFE7 /* UIWebView+TS_JavaScriptContext.m in Sources */,
				3B4692081FC6968D00DBCFE7 /* AppDelegate.m in Sources */,
				3B4692101FC6968D00DBCFE7 /* ViewController.m in Sources */,
				3B4692141FC6968D00DBCFE7 /* main.m in Sources */,
				3B46920C1FC6968D00DBCFE7 /* HomeViewController.m in Sources */,
			);
			runOnlyForDeploymentPostprocessing = 0;
		};
/* End PBXSourcesBuildPhase section */

/* Begin PBXVariantGroup section */
		3B4691F41FC6968D00DBCFE7 /* LaunchScreen.storyboard */ = {
			isa = PBXVariantGroup;
			children = (
				3B4691F51FC6968D00DBCFE7 /* Base */,
			);
			name = LaunchScreen.storyboard;
			sourceTree = "<group>";
		};
		3B4691F61FC6968D00DBCFE7 /* Main.storyboard */ = {
			isa = PBXVariantGroup;
			children = (
				3B4691F71FC6968D00DBCFE7 /* Base */,
			);
			name = Main.storyboard;
			sourceTree = "<group>";
		};
/* End PBXVariantGroup section */

/* Begin XCBuildConfiguration section */
		3B0FA3981F3C376300D07174 /* Debug */ = {
			isa = XCBuildConfiguration;
			buildSettings = {
				ALWAYS_SEARCH_USER_PATHS = NO;
				CLANG_ANALYZER_NONNULL = YES;
				CLANG_ANALYZER_NUMBER_OBJECT_CONVERSION = YES_AGGRESSIVE;
				CLANG_CXX_LANGUAGE_STANDARD = "gnu++0x";
				CLANG_CXX_LIBRARY = "libc++";
				CLANG_ENABLE_MODULES = YES;
				CLANG_ENABLE_OBJC_ARC = YES;
				CLANG_WARN_BOOL_CONVERSION = YES;
				CLANG_WARN_CONSTANT_CONVERSION = YES;
				CLANG_WARN_DIRECT_OBJC_ISA_USAGE = YES_ERROR;
				CLANG_WARN_DOCUMENTATION_COMMENTS = YES;
				CLANG_WARN_EMPTY_BODY = YES;
				CLANG_WARN_ENUM_CONVERSION = YES;
				CLANG_WARN_INFINITE_RECURSION = YES;
				CLANG_WARN_INT_CONVERSION = YES;
				CLANG_WARN_OBJC_ROOT_CLASS = YES_ERROR;
				CLANG_WARN_SUSPICIOUS_MOVE = YES;
				CLANG_WARN_UNREACHABLE_CODE = YES;
				CLANG_WARN__DUPLICATE_METHOD_MATCH = YES;
				"CODE_SIGN_IDENTITY[sdk=iphoneos*]" = "iPhone Developer";
				COPY_PHASE_STRIP = NO;
				DEBUG_INFORMATION_FORMAT = dwarf;
				ENABLE_STRICT_OBJC_MSGSEND = YES;
				ENABLE_TESTABILITY = YES;
				GCC_C_LANGUAGE_STANDARD = gnu99;
				GCC_DYNAMIC_NO_PIC = NO;
				GCC_NO_COMMON_BLOCKS = YES;
				GCC_OPTIMIZATION_LEVEL = 0;
				GCC_PREPROCESSOR_DEFINITIONS = (
					"DEBUG=1",
					"$(inherited)",
				);
				GCC_WARN_64_TO_32_BIT_CONVERSION = YES;
				GCC_WARN_ABOUT_RETURN_TYPE = YES_ERROR;
				GCC_WARN_UNDECLARED_SELECTOR = YES;
				GCC_WARN_UNINITIALIZED_AUTOS = YES_AGGRESSIVE;
				GCC_WARN_UNUSED_FUNCTION = YES;
				GCC_WARN_UNUSED_VARIABLE = YES;
				IPHONEOS_DEPLOYMENT_TARGET = 10.3;
				MTL_ENABLE_DEBUG_INFO = YES;
				ONLY_ACTIVE_ARCH = YES;
				SDKROOT = iphoneos;
				TARGETED_DEVICE_FAMILY = "1,2";
			};
			name = Debug;
		};
		3B0FA3991F3C376300D07174 /* Release */ = {
			isa = XCBuildConfiguration;
			buildSettings = {
				ALWAYS_SEARCH_USER_PATHS = NO;
				CLANG_ANALYZER_NONNULL = YES;
				CLANG_ANALYZER_NUMBER_OBJECT_CONVERSION = YES_AGGRESSIVE;
				CLANG_CXX_LANGUAGE_STANDARD = "gnu++0x";
				CLANG_CXX_LIBRARY = "libc++";
				CLANG_ENABLE_MODULES = YES;
				CLANG_ENABLE_OBJC_ARC = YES;
				CLANG_WARN_BOOL_CONVERSION = YES;
				CLANG_WARN_CONSTANT_CONVERSION = YES;
				CLANG_WARN_DIRECT_OBJC_ISA_USAGE = YES_ERROR;
				CLANG_WARN_DOCUMENTATION_COMMENTS = YES;
				CLANG_WARN_EMPTY_BODY = YES;
				CLANG_WARN_ENUM_CONVERSION = YES;
				CLANG_WARN_INFINITE_RECURSION = YES;
				CLANG_WARN_INT_CONVERSION = YES;
				CLANG_WARN_OBJC_ROOT_CLASS = YES_ERROR;
				CLANG_WARN_SUSPICIOUS_MOVE = YES;
				CLANG_WARN_UNREACHABLE_CODE = YES;
				CLANG_WARN__DUPLICATE_METHOD_MATCH = YES;
				"CODE_SIGN_IDENTITY[sdk=iphoneos*]" = "iPhone Developer";
				COPY_PHASE_STRIP = NO;
				DEBUG_INFORMATION_FORMAT = "dwarf-with-dsym";
				ENABLE_NS_ASSERTIONS = NO;
				ENABLE_STRICT_OBJC_MSGSEND = YES;
				GCC_C_LANGUAGE_STANDARD = gnu99;
				GCC_NO_COMMON_BLOCKS = YES;
				GCC_WARN_64_TO_32_BIT_CONVERSION = YES;
				GCC_WARN_ABOUT_RETURN_TYPE = YES_ERROR;
				GCC_WARN_UNDECLARED_SELECTOR = YES;
				GCC_WARN_UNINITIALIZED_AUTOS = YES_AGGRESSIVE;
				GCC_WARN_UNUSED_FUNCTION = YES;
				GCC_WARN_UNUSED_VARIABLE = YES;
				IPHONEOS_DEPLOYMENT_TARGET = 10.3;
				MTL_ENABLE_DEBUG_INFO = NO;
				SDKROOT = iphoneos;
				TARGETED_DEVICE_FAMILY = "1,2";
				VALIDATE_PRODUCT = YES;
			};
			name = Release;
		};
		3B0FA39B1F3C376300D07174 /* Debug */ = {
			isa = XCBuildConfiguration;
			buildSettings = {
				ASSETCATALOG_COMPILER_APPICON_NAME = AppIcon;
				DEVELOPMENT_TEAM = MLKY76PU29;
				INFOPLIST_FILE = JS_OC_Interact/Info.plist;
				IPHONEOS_DEPLOYMENT_TARGET = 7.1;
				LD_RUNPATH_SEARCH_PATHS = "$(inherited) @executable_path/Frameworks";
				PRODUCT_BUNDLE_IDENTIFIER = "net.ghs.app.JS-OC-Interact";
				PRODUCT_NAME = "$(TARGET_NAME)";
			};
			name = Debug;
		};
		3B0FA39C1F3C376300D07174 /* Release */ = {
			isa = XCBuildConfiguration;
			buildSettings = {
				ASSETCATALOG_COMPILER_APPICON_NAME = AppIcon;
				DEVELOPMENT_TEAM = MLKY76PU29;
				INFOPLIST_FILE = JS_OC_Interact/Info.plist;
				IPHONEOS_DEPLOYMENT_TARGET = 7.1;
				LD_RUNPATH_SEARCH_PATHS = "$(inherited) @executable_path/Frameworks";
				PRODUCT_BUNDLE_IDENTIFIER = "net.ghs.app.JS-OC-Interact";
				PRODUCT_NAME = "$(TARGET_NAME)";
			};
			name = Release;
		};
/* End XCBuildConfiguration section */

/* Begin XCConfigurationList section */
		3B0FA37E1F3C376300D07174 /* Build configuration list for PBXProject "JS_OC_Interact" */ = {
			isa = XCConfigurationList;
			buildConfigurations = (
				3B0FA3981F3C376300D07174 /* Debug */,
				3B0FA3991F3C376300D07174 /* Release */,
			);
			defaultConfigurationIsVisible = 0;
			defaultConfigurationName = Release;
		};
		3B0FA39A1F3C376300D07174 /* Build configuration list for PBXNativeTarget "JS_OC_Interact" */ = {
			isa = XCConfigurationList;
			buildConfigurations = (
				3B0FA39B1F3C376300D07174 /* Debug */,
				3B0FA39C1F3C376300D07174 /* Release */,
			);
			defaultConfigurationIsVisible = 0;
			defaultConfigurationName = Release;
		};
/* End XCConfigurationList section */
	};
	rootObject = 3B0FA37B1F3C376300D07174 /* Project object */;
}
